
Microsoft Visual Studio Solution File, Format Version 12.00
# Visual Studio Version 16
VisualStudioVersion = 16.0.28803.352
MinimumVisualStudioVersion = 10.0.40219.1
Project("{FAE04EC0-301F-11D3-BF4B-00C04F79EFBC}") = "ComicBookGallery", "ComicBookGallery\ComicBookGallery.csproj", "{CDF6EF6E-D877-49C7-8407-5EEA45849F38}"
EndProject
Global
	GlobalSection(SolutionConfigurationPlatforms) = preSolution
		Debug|Any CPU = Debug|Any CPU
		Release|Any CPU = Release|Any CPU
	EndGlobalSection
	GlobalSection(ProjectConfigurationPlatforms) = postSolution
		{CDF6EF6E-D877-49C7-8407-5EEA45849F38}.Debug|Any CPU.ActiveCfg = Debug|Any CPU
		{CDF6EF6E-D877-49C7-8407-5EEA45849F38}.Debug|Any CPU.Build.0 = Debug|Any CPU
		{CDF6EF6E-D877-49C7-8407-5EEA45849F38}.Release|Any CPU.ActiveCfg = Release|Any CPU
		{CDF6EF6E-D877-49C7-8407-5EEA45849F38}.Release|Any CPU.Build.0 = Release|Any CPU
	EndGlobalSection
	GlobalSection(SolutionProperties) = preSolution
		HideSolutionNode = FALSE
	EndGlobalSection
	GlobalSection(ExtensibilityGlobals) = postSolution
		SolutionGuid = {EA0807C4-B8BF-4397-90F1-EB41298ED77D}
	EndGlobalSection
EndGlobal
